#MicroXplorer Configuration settings - do not modify
Mcu.Family=STM32F4
PA6.GPIOParameters=GPIO_Label
ProjectManager.MainLocation=Core/Src
PB13.GPIOParameters=GPIO_Label
ProjectManager.ProjectFileName=sumo.ioc
RCC.CortexFreq_Value=16000000
ProjectManager.KeepUserCode=true
Mcu.UserName=STM32F411VETx
Mcu.PinsNb=8
TIM3.AutoReloadPreload=TIM_AUTORELOAD_PRELOAD_ENABLE
ProjectManager.NoMain=false
PC13-ANTI_TAMP.GPIO_Label=AI1
PC12.Locked=true
RCC.PLLCLKFreq_Value=100000000
PC12.Signal=GPIO_Output
RCC.PLLQCLKFreq_Value=50000000
ProjectManager.functionlistsort=1-MX_GPIO_Init-GPIO-false-HAL-true,2-SystemClock_Config-RCC-false-HAL-true,3-MX_TIM2_Init-TIM2-false-HAL-true,4-MX_TIM3_Init-TIM3-false-HAL-true
RCC.RTCFreq_Value=32000
ProjectManager.DefaultFWLocation=true
PA6.GPIO_Label=PWMB
ProjectManager.DeletePrevious=true
RCC.APB1CLKDivider=RCC_HCLK_DIV2
PB13.GPIO_Label=BI1
PB15.Signal=GPIO_Output
PB13.Signal=GPIO_Output
PinOutPanel.RotationAngle=0
RCC.FamilyName=M
ProjectManager.StackSize=0x400
PC12.GPIOParameters=GPIO_Label
RCC.FCLKCortexFreq_Value=16000000
NVIC.SVCall_IRQn=true\:0\:0\:false\:false\:true\:false\:false
Mcu.IP2=SYS
Mcu.IP3=TIM3
Mcu.IP0=NVIC
Mcu.IP1=RCC
Mcu.UserConstants=
SH.S_TIM3_CH2.ConfNb=1
ProjectManager.TargetToolchain=STM32CubeIDE
Mcu.ThirdPartyNb=0
RCC.HCLKFreq_Value=16000000
Mcu.IPNb=4
RCC.I2SClocksFreq_Value=96000000
ProjectManager.PreviousToolchain=STM32CubeIDE
RCC.APB2TimFreq_Value=16000000
TIM3.Period=99
RCC.VcooutputI2S=96000000
RCC.VCOInputMFreq_Value=1000000
Mcu.Pin6=VP_SYS_VS_Systick
Mcu.Pin7=VP_TIM3_VS_ClockSourceINT
ProjectManager.RegisterCallBack=
VP_TIM3_VS_ClockSourceINT.Signal=TIM3_VS_ClockSourceINT
RCC.AHBFreq_Value=16000000
PB13.Locked=true
Mcu.Pin0=PC13-ANTI_TAMP
Mcu.Pin1=PA6
TIM3.Channel-PWM\ Generation1\ CH1=TIM_CHANNEL_1
GPIO.groupedBy=
Mcu.Pin2=PA7
Mcu.Pin3=PB13
Mcu.Pin4=PB15
RCC.VCOI2SOutputFreq_Value=192000000
Mcu.Pin5=PC12
ProjectManager.ProjectBuild=false
SH.S_TIM3_CH2.0=TIM3_CH2,PWM Generation2 CH2
RCC.HSE_VALUE=8000000
NVIC.UsageFault_IRQn=true\:0\:0\:false\:false\:true\:false\:false
NVIC.DebugMonitor_IRQn=true\:0\:0\:false\:false\:true\:false\:false
board=custom
PC13-ANTI_TAMP.Signal=GPIO_Output
RCC.VCOOutputFreq_Value=200000000
PC13-ANTI_TAMP.Locked=true
NVIC.SysTick_IRQn=true\:0\:0\:false\:false\:true\:false\:true
ProjectManager.LastFirmware=true
ProjectManager.FirmwarePackage=STM32Cube FW_F4 V1.25.2
MxDb.Version=DB.6.0.10
RCC.APB2Freq_Value=16000000
ProjectManager.BackupPrevious=false
MxCube.Version=6.1.1
RCC.VCOInputFreq_Value=2000000
PB15.GPIO_Label=AI2
TIM3.Prescaler=4999
File.Version=6
VP_SYS_VS_Systick.Mode=SysTick
RCC.EthernetFreq_Value=16000000
TIM3.IPParameters=AutoReloadPreload,Channel-PWM Generation1 CH1,Prescaler,Period,Channel-PWM Generation2 CH2
NVIC.NonMaskableInt_IRQn=true\:0\:0\:false\:false\:true\:false\:false
NVIC.PendSV_IRQn=true\:0\:0\:false\:false\:true\:false\:false
SH.S_TIM3_CH1.0=TIM3_CH1,PWM Generation1 CH1
PB15.GPIOParameters=GPIO_Label
ProjectManager.FreePins=false
RCC.IPParameters=48MHZClocksFreq_Value,AHBFreq_Value,APB1CLKDivider,APB1Freq_Value,APB1TimFreq_Value,APB2Freq_Value,APB2TimFreq_Value,CortexFreq_Value,EthernetFreq_Value,FCLKCortexFreq_Value,FamilyName,HCLKFreq_Value,HSE_VALUE,HSI_VALUE,I2SClocksFreq_Value,LSI_VALUE,MCO2PinFreq_Value,PLLCLKFreq_Value,PLLM,PLLN,PLLQCLKFreq_Value,RTCFreq_Value,RTCHSEDivFreq_Value,SYSCLKFreq_VALUE,VCOI2SOutputFreq_Value,VCOInputFreq_Value,VCOInputMFreq_Value,VCOOutputFreq_Value,VcooutputI2S
ProjectManager.AskForMigrate=true
Mcu.Name=STM32F411V(C-E)Tx
ProjectManager.HalAssertFull=false
RCC.RTCHSEDivFreq_Value=4000000
ProjectManager.ProjectName=sumo
ProjectManager.UnderRoot=true
ProjectManager.CoupleFile=true
RCC.48MHZClocksFreq_Value=50000000
RCC.MCO2PinFreq_Value=16000000
RCC.SYSCLKFreq_VALUE=16000000
Mcu.Package=LQFP100
PA6.Signal=S_TIM3_CH1
PA7.GPIO_Label=PWMA
NVIC.ForceEnableDMAVector=true
KeepUserPlacement=false
NVIC.MemoryManagement_IRQn=true\:0\:0\:false\:false\:true\:false\:false
PC12.GPIO_Label=BI2
ProjectManager.CompilerOptimize=6
ProjectManager.ToolChainLocation=
RCC.LSI_VALUE=32000
VP_SYS_VS_Systick.Signal=SYS_VS_Systick
ProjectManager.HeapSize=0x200
NVIC.HardFault_IRQn=true\:0\:0\:false\:false\:true\:false\:false
SH.S_TIM3_CH1.ConfNb=1
ProjectManager.ComputerToolchain=false
RCC.HSI_VALUE=16000000
NVIC.PriorityGroup=NVIC_PRIORITYGROUP_4
TIM3.Channel-PWM\ Generation2\ CH2=TIM_CHANNEL_2
RCC.PLLM=8
RCC.PLLN=100
RCC.APB1TimFreq_Value=16000000
NVIC.BusFault_IRQn=true\:0\:0\:false\:false\:true\:false\:false
RCC.APB1Freq_Value=8000000
PA7.GPIOParameters=GPIO_Label
ProjectManager.CustomerFirmwarePackage=
VP_TIM3_VS_ClockSourceINT.Mode=Internal
ProjectManager.DeviceId=STM32F411VETx
ProjectManager.LibraryCopy=1
PB15.Locked=true
PC13-ANTI_TAMP.GPIOParameters=GPIO_Label
PA7.Signal=S_TIM3_CH2
